// !$*UTF8*$!
{
	archiveVersion = 1;
	classes = {
	};
	objectVersion = 56;
	objects = {

/* Begin PBXBuildFile section */
		B76290002BA7E92400A0FB60 /* spark2App.swift in Sources */ = {isa = PBXBuildFile; fileRef = B7628FFF2BA7E92400A0FB60 /* spark2App.swift */; };
		B76290022BA7E92400A0FB60 /* ContentView.swift in Sources */ = {isa = PBXBuildFile; fileRef = B76290012BA7E92400A0FB60 /* ContentView.swift */; };
		B76290042BA7E92600A0FB60 /* Assets.xcassets in Resources */ = {isa = PBXBuildFile; fileRef = B76290032BA7E92600A0FB60 /* Assets.xcassets */; };
		B76290072BA7E92600A0FB60 /* Preview Assets.xcassets in Resources */ = {isa = PBXBuildFile; fileRef = B76290062BA7E92600A0FB60 /* Preview Assets.xcassets */; };
		B76290112BA7E92600A0FB60 /* spark2Tests.swift in Sources */ = {isa = PBXBuildFile; fileRef = B76290102BA7E92600A0FB60 /* spark2Tests.swift */; };
		B762901B2BA7E92700A0FB60 /* spark2UITests.swift in Sources */ = {isa = PBXBuildFile; fileRef = B762901A2BA7E92700A0FB60 /* spark2UITests.swift */; };
		B762901D2BA7E92700A0FB60 /* spark2UITestsLaunchTests.swift in Sources */ = {isa = PBXBuildFile; fileRef = B762901C2BA7E92700A0FB60 /* spark2UITestsLaunchTests.swift */; };
/* End PBXBuildFile section */

/* Begin PBXContainerItemProxy section */
		B762900D2BA7E92600A0FB60 /* PBXContainerItemProxy */ = {
			isa = PBXContainerItemProxy;
			containerPortal = B7628FF42BA7E92400A0FB60 /* Project object */;
			proxyType = 1;
			remoteGlobalIDString = B7628FFB2BA7E92400A0FB60;
			remoteInfo = spark2;
		};
		B76290172BA7E92700A0FB60 /* PBXContainerItemProxy */ = {
			isa = PBXContainerItemProxy;
			containerPortal = B7628FF42BA7E92400A0FB60 /* Project object */;
			proxyType = 1;
			remoteGlobalIDString = B7628FFB2BA7E92400A0FB60;
			remoteInfo = spark2;
		};
/* End PBXContainerItemProxy section */

/* Begin PBXFileReference section */
		B7628FFC2BA7E92400A0FB60 /* spark2.app */ = {isa = PBXFileReference; explicitFileType = wrapper.application; includeInIndex = 0; path = spark2.app; sourceTree = BUILT_PRODUCTS_DIR; };
		B7628FFF2BA7E92400A0FB60 /* spark2App.swift */ = {isa = PBXFileReference; lastKnownFileType = sourcecode.swift; path = spark2App.swift; sourceTree = "<group>"; };
		B76290012BA7E92400A0FB60 /* ContentView.swift */ = {isa = PBXFileReference; lastKnownFileType = sourcecode.swift; path = ContentView.swift; sourceTree = "<group>"; };
		B76290032BA7E92600A0FB60 /* Assets.xcassets */ = {isa = PBXFileReference; lastKnownFileType = folder.assetcatalog; path = Assets.xcassets; sourceTree = "<group>"; };
		B76290062BA7E92600A0FB60 /* Preview Assets.xcassets */ = {isa = PBXFileReference; lastKnownFileType = folder.assetcatalog; path = "Preview Assets.xcassets"; sourceTree = "<group>"; };
		B762900C2BA7E92600A0FB60 /* spark2Tests.xctest */ = {isa = PBXFileReference; explicitFileType = wrapper.cfbundle; includeInIndex = 0; path = spark2Tests.xctest; sourceTree = BUILT_PRODUCTS_DIR; };
		B76290102BA7E92600A0FB60 /* spark2Tests.swift */ = {isa = PBXFileReference; lastKnownFileType = sourcecode.swift; path = spark2Tests.swift; sourceTree = "<group>"; };
		B76290162BA7E92700A0FB60 /* spark2UITests.xctest */ = {isa = PBXFileReference; explicitFileType = wrapper.cfbundle; includeInIndex = 0; path = spark2UITests.xctest; sourceTree = BUILT_PRODUCTS_DIR; };
		B762901A2BA7E92700A0FB60 /* spark2UITests.swift */ = {isa = PBXFileReference; lastKnownFileType = sourcecode.swift; path = spark2UITests.swift; sourceTree = "<group>"; };
		B762901C2BA7E92700A0FB60 /* spark2UITestsLaunchTests.swift */ = {isa = PBXFileReference; lastKnownFileType = sourcecode.swift; path = spark2UITestsLaunchTests.swift; sourceTree = "<group>"; };
/* End PBXFileReference section */

/* Begin PBXFrameworksBuildPhase section */
		B7628FF92BA7E92400A0FB60 /* Frameworks */ = {
			isa = PBXFrameworksBuildPhase;
			buildActionMask = 2147483647;
			files = (
			);
			runOnlyForDeploymentPostprocessing = 0;
		};
		B76290092BA7E92600A0FB60 /* Frameworks */ = {
			isa = PBXFrameworksBuildPhase;
			buildActionMask = 2147483647;
			files = (
			);
			runOnlyForDeploymentPostprocessing = 0;
		};
		B76290132BA7E92700A0FB60 /* Frameworks */ = {
			isa = PBXFrameworksBuildPhase;
			buildActionMask = 2147483647;
			files = (
			);
			runOnlyForDeploymentPostprocessing = 0;
		};
/* End PBXFrameworksBuildPhase section */

/* Begin PBXGroup section */
		B7628FF32BA7E92400A0FB60 = {
			isa = PBXGroup;
			children = (
				B7628FFE2BA7E92400A0FB60 /* spark2 */,
				B762900F2BA7E92600A0FB60 /* spark2Tests */,
				B76290192BA7E92700A0FB60 /* spark2UITests */,
				B7628FFD2BA7E92400A0FB60 /* Products */,
			);
			sourceTree = "<group>";
		};
		B7628FFD2BA7E92400A0FB60 /* Products */ = {
			isa = PBXGroup;
			children = (
				B7628FFC2BA7E92400A0FB60 /* spark2.app */,
				B762900C2BA7E92600A0FB60 /* spark2Tests.xctest */,
				B76290162BA7E92700A0FB60 /* spark2UITests.xctest */,
			);
			name = Products;
			sourceTree = "<group>";
		};
		B7628FFE2BA7E92400A0FB60 /* spark2 */ = {
			isa = PBXGroup;
			children = (
				B7628FFF2BA7E92400A0FB60 /* spark2App.swift */,
				B76290012BA7E92400A0FB60 /* ContentView.swift */,
				B76290032BA7E92600A0FB60 /* Assets.xcassets */,
				B76290052BA7E92600A0FB60 /* Preview Content */,
			);
			path = spark2;
			sourceTree = "<group>";
		};
		B76290052BA7E92600A0FB60 /* Preview Content */ = {
			isa = PBXGroup;
			children = (
				B76290062BA7E92600A0FB60 /* Preview Assets.xcassets */,
			);
			path = "Preview Content";
			sourceTree = "<group>";
		};
		B762900F2BA7E92600A0FB60 /* spark2Tests */ = {
			isa = PBXGroup;
			children = (
				B76290102BA7E92600A0FB60 /* spark2Tests.swift */,
			);
			path = spark2Tests;
			sourceTree = "<group>";
		};
		B76290192BA7E92700A0FB60 /* spark2UITests */ = {
			isa = PBXGroup;
			children = (
				B762901A2BA7E92700A0FB60 /* spark2UITests.swift */,
				B762901C2BA7E92700A0FB60 /* spark2UITestsLaunchTests.swift */,
			);
			path = spark2UITests;
			sourceTree = "<group>";
		};
/* End PBXGroup section */

/* Begin PBXNativeTarget section */
		B7628FFB2BA7E92400A0FB60 /* spark2 */ = {
			isa = PBXNativeTarget;
			buildConfigurationList = B76290202BA7E92700A0FB60 /* Build configuration list for PBXNativeTarget "spark2" */;
			buildPhases = (
				B7628FF82BA7E92400A0FB60 /* Sources */,
				B7628FF92BA7E92400A0FB60 /* Frameworks */,
				B7628FFA2BA7E92400A0FB60 /* Resources */,
			);
			buildRules = (
			);
			dependencies = (
			);
			name = spark2;
			productName = spark2;
			productReference = B7628FFC2BA7E92400A0FB60 /* spark2.app */;
			productType = "com.apple.product-type.application";
		};
		B762900B2BA7E92600A0FB60 /* spark2Tests */ = {
			isa = PBXNativeTarget;
			buildConfigurationList = B76290232BA7E92700A0FB60 /* Build configuration list for PBXNativeTarget "spark2Tests" */;
			buildPhases = (
				B76290082BA7E92600A0FB60 /* Sources */,
				B76290092BA7E92600A0FB60 /* Frameworks */,
				B762900A2BA7E92600A0FB60 /* Resources */,
			);
			buildRules = (
			);
			dependencies = (
				B762900E2BA7E92600A0FB60 /* PBXTargetDependency */,
			);
			name = spark2Tests;
			productName = spark2Tests;
			productReference = B762900C2BA7E92600A0FB60 /* spark2Tests.xctest */;
			productType = "com.apple.product-type.bundle.unit-test";
		};
		B76290152BA7E92700A0FB60 /* spark2UITests */ = {
			isa = PBXNativeTarget;
			buildConfigurationList = B76290262BA7E92700A0FB60 /* Build configuration list for PBXNativeTarget "spark2UITests" */;
			buildPhases = (
				B76290122BA7E92700A0FB60 /* Sources */,
				B76290132BA7E92700A0FB60 /* Frameworks */,
				B76290142BA7E92700A0FB60 /* Resources */,
			);
			buildRules = (
			);
			dependencies = (
				B76290182BA7E92700A0FB60 /* PBXTargetDependency */,
			);
			name = spark2UITests;
			productName = spark2UITests;
			productReference = B76290162BA7E92700A0FB60 /* spark2UITests.xctest */;
			productType = "com.apple.product-type.bundle.ui-testing";
		};
/* End PBXNativeTarget section */

/* Begin PBXProject section */
		B7628FF42BA7E92400A0FB60 /* Project object */ = {
			isa = PBXProject;
			attributes = {
				BuildIndependentTargetsInParallel = 1;
				LastSwiftUpdateCheck = 1530;
				LastUpgradeCheck = 1530;
				TargetAttributes = {
					B7628FFB2BA7E92400A0FB60 = {
						CreatedOnToolsVersion = 15.3;
					};
					B762900B2BA7E92600A0FB60 = {
						CreatedOnToolsVersion = 15.3;
						TestTargetID = B7628FFB2BA7E92400A0FB60;
					};
					B76290152BA7E92700A0FB60 = {
						CreatedOnToolsVersion = 15.3;
						TestTargetID = B7628FFB2BA7E92400A0FB60;
					};
				};
			};
			buildConfigurationList = B7628FF72BA7E92400A0FB60 /* Build configuration list for PBXProject "spark2" */;
			compatibilityVersion = "Xcode 14.0";
			developmentRegion = en;
			hasScannedForEncodings = 0;
			knownRegions = (
				en,
				Base,
			);
			mainGroup = B7628FF32BA7E92400A0FB60;
			productRefGroup = B7628FFD2BA7E92400A0FB60 /* Products */;
			projectDirPath = "";
			projectRoot = "";
			targets = (
				B7628FFB2BA7E92400A0FB60 /* spark2 */,
				B762900B2BA7E92600A0FB60 /* spark2Tests */,
				B76290152BA7E92700A0FB60 /* spark2UITests */,
			);
		};
/* End PBXProject section */

/* Begin PBXResourcesBuildPhase section */
		B7628FFA2BA7E92400A0FB60 /* Resources */ = {
			isa = PBXResourcesBuildPhase;
			buildActionMask = 2147483647;
			files = (
				B76290072BA7E92600A0FB60 /* Preview Assets.xcassets in Resources */,
				B76290042BA7E92600A0FB60 /* Assets.xcassets in Resources */,
			);
			runOnlyForDeploymentPostprocessing = 0;
		};
		B762900A2BA7E92600A0FB60 /* Resources */ = {
			isa = PBXResourcesBuildPhase;
			buildActionMask = 2147483647;
			files = (
			);
			runOnlyForDeploymentPostprocessing = 0;
		};
		B76290142BA7E92700A0FB60 /* Resources */ = {
			isa = PBXResourcesBuildPhase;
			buildActionMask = 2147483647;
			files = (
			);
			runOnlyForDeploymentPostprocessing = 0;
		};
/* End PBXResourcesBuildPhase section */

/* Begin PBXSourcesBuildPhase section */
		B7628FF82BA7E92400A0FB60 /* Sources */ = {
			isa = PBXSourcesBuildPhase;
			buildActionMask = 2147483647;
			files = (
				B76290022BA7E92400A0FB60 /* ContentView.swift in Sources */,
				B76290002BA7E92400A0FB60 /* spark2App.swift in Sources */,
			);
			runOnlyForDeploymentPostprocessing = 0;
		};
		B76290082BA7E92600A0FB60 /* Sources */ = {
			isa = PBXSourcesBuildPhase;
			buildActionMask = 2147483647;
			files = (
				B76290112BA7E92600A0FB60 /* spark2Tests.swift in Sources */,
			);
			runOnlyForDeploymentPostprocessing = 0;
		};
		B76290122BA7E92700A0FB60 /* Sources */ = {
			isa = PBXSourcesBuildPhase;
			buildActionMask = 2147483647;
			files = (
				B762901B2BA7E92700A0FB60 /* spark2UITests.swift in Sources */,
				B762901D2BA7E92700A0FB60 /* spark2UITestsLaunchTests.swift in Sources */,
			);
			runOnlyForDeploymentPostprocessing = 0;
		};
/* End PBXSourcesBuildPhase section */

/* Begin PBXTargetDependency section */
		B762900E2BA7E92600A0FB60 /* PBXTargetDependency */ = {
			isa = PBXTargetDependency;
			target = B7628FFB2BA7E92400A0FB60 /* spark2 */;
			targetProxy = B762900D2BA7E92600A0FB60 /* PBXContainerItemProxy */;
		};
		B76290182BA7E92700A0FB60 /* PBXTargetDependency */ = {
			isa = PBXTargetDependency;
			target = B7628FFB2BA7E92400A0FB60 /* spark2 */;
			targetProxy = B76290172BA7E92700A0FB60 /* PBXContainerItemProxy */;
		};
/* End PBXTargetDependency section */

/* Begin XCBuildConfiguration section */
		B762901E2BA7E92700A0FB60 /* Debug */ = {
			isa = XCBuildConfiguration;
			buildSettings = {
				ALWAYS_SEARCH_USER_PATHS = NO;
				ASSETCATALOG_COMPILER_GENERATE_SWIFT_ASSET_SYMBOL_EXTENSIONS = YES;
				CLANG_ANALYZER_NONNULL = YES;
				CLANG_ANALYZER_NUMBER_OBJECT_CONVERSION = YES_AGGRESSIVE;
				CLANG_CXX_LANGUAGE_STANDARD = "gnu++20";
				CLANG_ENABLE_MODULES = YES;
				CLANG_ENABLE_OBJC_ARC = YES;
				CLANG_ENABLE_OBJC_WEAK = YES;
				CLANG_WARN_BLOCK_CAPTURE_AUTORELEASING = YES;
				CLANG_WARN_BOOL_CONVERSION = YES;
				CLANG_WARN_COMMA = YES;
				CLANG_WARN_CONSTANT_CONVERSION = YES;
				CLANG_WARN_DEPRECATED_OBJC_IMPLEMENTATIONS = YES;
				CLANG_WARN_DIRECT_OBJC_ISA_USAGE = YES_ERROR;
				CLANG_WARN_DOCUMENTATION_COMMENTS = YES;
				CLANG_WARN_EMPTY_BODY = YES;
				CLANG_WARN_ENUM_CONVERSION = YES;
				CLANG_WARN_INFINITE_RECURSION = YES;
				CLANG_WARN_INT_CONVERSION = YES;
				CLANG_WARN_NON_LITERAL_NULL_CONVERSION = YES;
				CLANG_WARN_OBJC_IMPLICIT_RETAIN_SELF = YES;
				CLANG_WARN_OBJC_LITERAL_CONVERSION = YES;
				CLANG_WARN_OBJC_ROOT_CLASS = YES_ERROR;
				CLANG_WARN_QUOTED_INCLUDE_IN_FRAMEWORK_HEADER = YES;
				CLANG_WARN_RANGE_LOOP_ANALYSIS = YES;
				CLANG_WARN_STRICT_PROTOTYPES = YES;
				CLANG_WARN_SUSPICIOUS_MOVE = YES;
				CLANG_WARN_UNGUARDED_AVAILABILITY = YES_AGGRESSIVE;
				CLANG_WARN_UNREACHABLE_CODE = YES;
				CLANG_WARN__DUPLICATE_METHOD_MATCH = YES;
				COPY_PHASE_STRIP = NO;
				DEBUG_INFORMATION_FORMAT = dwarf;
				ENABLE_STRICT_OBJC_MSGSEND = YES;
				ENABLE_TESTABILITY = YES;
				ENABLE_USER_SCRIPT_SANDBOXING = YES;
				GCC_C_LANGUAGE_STANDARD = gnu17;
				GCC_DYNAMIC_NO_PIC = NO;
				GCC_NO_COMMON_BLOCKS = YES;
				GCC_OPTIMIZATION_LEVEL = 0;
				GCC_PREPROCESSOR_DEFINITIONS = (
					"DEBUG=1",
					"$(inherited)",
				);
				GCC_WARN_64_TO_32_BIT_CONVERSION = YES;
				GCC_WARN_ABOUT_RETURN_TYPE = YES_ERROR;
				GCC_WARN_UNDECLARED_SELECTOR = YES;
				GCC_WARN_UNINITIALIZED_AUTOS = YES_AGGRESSIVE;
				GCC_WARN_UNUSED_FUNCTION = YES;
				GCC_WARN_UNUSED_VARIABLE = YES;
				IPHONEOS_DEPLOYMENT_TARGET = 17.4;
				LOCALIZATION_PREFERS_STRING_CATALOGS = YES;
				MTL_ENABLE_DEBUG_INFO = INCLUDE_SOURCE;
				MTL_FAST_MATH = YES;
				ONLY_ACTIVE_ARCH = YES;
				SDKROOT = iphoneos;
				SWIFT_ACTIVE_COMPILATION_CONDITIONS = "DEBUG $(inherited)";
				SWIFT_OPTIMIZATION_LEVEL = "-Onone";
			};
			name = Debug;
		};
		B762901F2BA7E92700A0FB60 /* Release */ = {
			isa = XCBuildConfiguration;
			buildSettings = {
				ALWAYS_SEARCH_USER_PATHS = NO;
				ASSETCATALOG_COMPILER_GENERATE_SWIFT_ASSET_SYMBOL_EXTENSIONS = YES;
				CLANG_ANALYZER_NONNULL = YES;
				CLANG_ANALYZER_NUMBER_OBJECT_CONVERSION = YES_AGGRESSIVE;
				CLANG_CXX_LANGUAGE_STANDARD = "gnu++20";
				CLANG_ENABLE_MODULES = YES;
				CLANG_ENABLE_OBJC_ARC = YES;
				CLANG_ENABLE_OBJC_WEAK = YES;
				CLANG_WARN_BLOCK_CAPTURE_AUTORELEASING = YES;
				CLANG_WARN_BOOL_CONVERSION = YES;
				CLANG_WARN_COMMA = YES;
				CLANG_WARN_CONSTANT_CONVERSION = YES;
				CLANG_WARN_DEPRECATED_OBJC_IMPLEMENTATIONS = YES;
				CLANG_WARN_DIRECT_OBJC_ISA_USAGE = YES_ERROR;
				CLANG_WARN_DOCUMENTATION_COMMENTS = YES;
				CLANG_WARN_EMPTY_BODY = YES;
				CLANG_WARN_ENUM_CONVERSION = YES;
				CLANG_WARN_INFINITE_RECURSION = YES;
				CLANG_WARN_INT_CONVERSION = YES;
				CLANG_WARN_NON_LITERAL_NULL_CONVERSION = YES;
				CLANG_WARN_OBJC_IMPLICIT_RETAIN_SELF = YES;
				CLANG_WARN_OBJC_LITERAL_CONVERSION = YES;
				CLANG_WARN_OBJC_ROOT_CLASS = YES_ERROR;
				CLANG_WARN_QUOTED_INCLUDE_IN_FRAMEWORK_HEADER = YES;
				CLANG_WARN_RANGE_LOOP_ANALYSIS = YES;
				CLANG_WARN_STRICT_PROTOTYPES = YES;
				CLANG_WARN_SUSPICIOUS_MOVE = YES;
				CLANG_WARN_UNGUARDED_AVAILABILITY = YES_AGGRESSIVE;
				CLANG_WARN_UNREACHABLE_CODE = YES;
				CLANG_WARN__DUPLICATE_METHOD_MATCH = YES;
				COPY_PHASE_STRIP = NO;
				DEBUG_INFORMATION_FORMAT = "dwarf-with-dsym";
				ENABLE_NS_ASSERTIONS = NO;
				ENABLE_STRICT_OBJC_MSGSEND = YES;
				ENABLE_USER_SCRIPT_SANDBOXING = YES;
				GCC_C_LANGUAGE_STANDARD = gnu17;
				GCC_NO_COMMON_BLOCKS = YES;
				GCC_WARN_64_TO_32_BIT_CONVERSION = YES;
				GCC_WARN_ABOUT_RETURN_TYPE = YES_ERROR;
				GCC_WARN_UNDECLARED_SELECTOR = YES;
				GCC_WARN_UNINITIALIZED_AUTOS = YES_AGGRESSIVE;
				GCC_WARN_UNUSED_FUNCTION = YES;
				GCC_WARN_UNUSED_VARIABLE = YES;
				IPHONEOS_DEPLOYMENT_TARGET = 17.4;
				LOCALIZATION_PREFERS_STRING_CATALOGS = YES;
				MTL_ENABLE_DEBUG_INFO = NO;
				MTL_FAST_MATH = YES;
				SDKROOT = iphoneos;
				SWIFT_COMPILATION_MODE = wholemodule;
				VALIDATE_PRODUCT = YES;
			};
			name = Release;
		};
		B76290212BA7E92700A0FB60 /* Debug */ = {
			isa = XCBuildConfiguration;
			buildSettings = {
				ASSETCATALOG_COMPILER_APPICON_NAME = AppIcon;
				ASSETCATALOG_COMPILER_GLOBAL_ACCENT_COLOR_NAME = AccentColor;
				CODE_SIGN_STYLE = Automatic;
				CURRENT_PROJECT_VERSION = 1;
				DEVELOPMENT_ASSET_PATHS = "\"spark2/Preview Content\"";
				ENABLE_PREVIEWS = YES;
				GENERATE_INFOPLIST_FILE = YES;
				INFOPLIST_KEY_UIApplicationSceneManifest_Generation = YES;
				INFOPLIST_KEY_UIApplicationSupportsIndirectInputEvents = YES;
				INFOPLIST_KEY_UILaunchScreen_Generation = YES;
				INFOPLIST_KEY_UISupportedInterfaceOrientations_iPad = "UIInterfaceOrientationPortrait UIInterfaceOrientationPortraitUpsideDown UIInterfaceOrientationLandscapeLeft UIInterfaceOrientationLandscapeRight";
				INFOPLIST_KEY_UISupportedInterfaceOrientations_iPhone = "UIInterfaceOrientationPortrait UIInterfaceOrientationLandscapeLeft UIInterfaceOrientationLandscapeRight";
				LD_RUNPATH_SEARCH_PATHS = (
					"$(inherited)",
					"@executable_path/Frameworks",
				);
				MARKETING_VERSION = 1.0;
				PRODUCT_BUNDLE_IDENTIFIER = test1.spark2;
				PRODUCT_NAME = "$(TARGET_NAME)";
				SWIFT_EMIT_LOC_STRINGS = YES;
				SWIFT_VERSION = 5.0;
				TARGETED_DEVICE_FAMILY = "1,2";
			};
			name = Debug;
		};
		B76290222BA7E92700A0FB60 /* Release */ = {
			isa = XCBuildConfiguration;
			buildSettings = {
				ASSETCATALOG_COMPILER_APPICON_NAME = AppIcon;
				ASSETCATALOG_COMPILER_GLOBAL_ACCENT_COLOR_NAME = AccentColor;
				CODE_SIGN_STYLE = Automatic;
				CURRENT_PROJECT_VERSION = 1;
				DEVELOPMENT_ASSET_PATHS = "\"spark2/Preview Content\"";
				ENABLE_PREVIEWS = YES;
				GENERATE_INFOPLIST_FILE = YES;
				INFOPLIST_KEY_UIApplicationSceneManifest_Generation = YES;
				INFOPLIST_KEY_UIApplicationSupportsIndirectInputEvents = YES;
				INFOPLIST_KEY_UILaunchScreen_Generation = YES;
				INFOPLIST_KEY_UISupportedInterfaceOrientations_iPad = "UIInterfaceOrientationPortrait UIInterfaceOrientationPortraitUpsideDown UIInterfaceOrientationLandscapeLeft UIInterfaceOrientationLandscapeRight";
				INFOPLIST_KEY_UISupportedInterfaceOrientations_iPhone = "UIInterfaceOrientationPortrait UIInterfaceOrientationLandscapeLeft UIInterfaceOrientationLandscapeRight";
				LD_RUNPATH_SEARCH_PATHS = (
					"$(inherited)",
					"@executable_path/Frameworks",
				);
				MARKETING_VERSION = 1.0;
				PRODUCT_BUNDLE_IDENTIFIER = test1.spark2;
				PRODUCT_NAME = "$(TARGET_NAME)";
				SWIFT_EMIT_LOC_STRINGS = YES;
				SWIFT_VERSION = 5.0;
				TARGETED_DEVICE_FAMILY = "1,2";
			};
			name = Release;
		};
		B76290242BA7E92700A0FB60 /* Debug */ = {
			isa = XCBuildConfiguration;
			buildSettings = {
				ALWAYS_EMBED_SWIFT_STANDARD_LIBRARIES = YES;
				BUNDLE_LOADER = "$(TEST_HOST)";
				CODE_SIGN_STYLE = Automatic;
				CURRENT_PROJECT_VERSION = 1;
				GENERATE_INFOPLIST_FILE = YES;
				IPHONEOS_DEPLOYMENT_TARGET = 17.4;
				MARKETING_VERSION = 1.0;
				PRODUCT_BUNDLE_IDENTIFIER = test1.spark2Tests;
				PRODUCT_NAME = "$(TARGET_NAME)";
				SWIFT_EMIT_LOC_STRINGS = NO;
				SWIFT_VERSION = 5.0;
				TARGETED_DEVICE_FAMILY = "1,2";
				TEST_HOST = "$(BUILT_PRODUCTS_DIR)/spark2.app/$(BUNDLE_EXECUTABLE_FOLDER_PATH)/spark2";
			};
			name = Debug;
		};
		B76290252BA7E92700A0FB60 /* Release */ = {
			isa = XCBuildConfiguration;
			buildSettings = {
				ALWAYS_EMBED_SWIFT_STANDARD_LIBRARIES = YES;
				BUNDLE_LOADER = "$(TEST_HOST)";
				CODE_SIGN_STYLE = Automatic;
				CURRENT_PROJECT_VERSION = 1;
				GENERATE_INFOPLIST_FILE = YES;
				IPHONEOS_DEPLOYMENT_TARGET = 17.4;
				MARKETING_VERSION = 1.0;
				PRODUCT_BUNDLE_IDENTIFIER = test1.spark2Tests;
				PRODUCT_NAME = "$(TARGET_NAME)";
				SWIFT_EMIT_LOC_STRINGS = NO;
				SWIFT_VERSION = 5.0;
				TARGETED_DEVICE_FAMILY = "1,2";
				TEST_HOST = "$(BUILT_PRODUCTS_DIR)/spark2.app/$(BUNDLE_EXECUTABLE_FOLDER_PATH)/spark2";
			};
			name = Release;
		};
		B76290272BA7E92700A0FB60 /* Debug */ = {
			isa = XCBuildConfiguration;
			buildSettings = {
				ALWAYS_EMBED_SWIFT_STANDARD_LIBRARIES = YES;
				CODE_SIGN_STYLE = Automatic;
				CURRENT_PROJECT_VERSION = 1;
				GENERATE_INFOPLIST_FILE = YES;
				MARKETING_VERSION = 1.0;
				PRODUCT_BUNDLE_IDENTIFIER = test1.spark2UITests;
				PRODUCT_NAME = "$(TARGET_NAME)";
				SWIFT_EMIT_LOC_STRINGS = NO;
				SWIFT_VERSION = 5.0;
				TARGETED_DEVICE_FAMILY = "1,2";
				TEST_TARGET_NAME = spark2;
			};
			name = Debug;
		};
		B76290282BA7E92700A0FB60 /* Release */ = {
			isa = XCBuildConfiguration;
			buildSettings = {
				ALWAYS_EMBED_SWIFT_STANDARD_LIBRARIES = YES;
				CODE_SIGN_STYLE = Automatic;
				CURRENT_PROJECT_VERSION = 1;
				GENERATE_INFOPLIST_FILE = YES;
				MARKETING_VERSION = 1.0;
				PRODUCT_BUNDLE_IDENTIFIER = test1.spark2UITests;
				PRODUCT_NAME = "$(TARGET_NAME)";
				SWIFT_EMIT_LOC_STRINGS = NO;
				SWIFT_VERSION = 5.0;
				TARGETED_DEVICE_FAMILY = "1,2";
				TEST_TARGET_NAME = spark2;
			};
			name = Release;
		};
/* End XCBuildConfiguration section */

/* Begin XCConfigurationList section */
		B7628FF72BA7E92400A0FB60 /* Build configuration list for PBXProject "spark2" */ = {
			isa = XCConfigurationList;
			buildConfigurations = (
				B762901E2BA7E92700A0FB60 /* Debug */,
				B762901F2BA7E92700A0FB60 /* Release */,
			);
			defaultConfigurationIsVisible = 0;
			defaultConfigurationName = Release;
		};
		B76290202BA7E92700A0FB60 /* Build configuration list for PBXNativeTarget "spark2" */ = {
			isa = XCConfigurationList;
			buildConfigurations = (
				B76290212BA7E92700A0FB60 /* Debug */,
				B76290222BA7E92700A0FB60 /* Release */,
			);
			defaultConfigurationIsVisible = 0;
			defaultConfigurationName = Release;
		};
		B76290232BA7E92700A0FB60 /* Build configuration list for PBXNativeTarget "spark2Tests" */ = {
			isa = XCConfigurationList;
			buildConfigurations = (
				B76290242BA7E92700A0FB60 /* Debug */,
				B76290252BA7E92700A0FB60 /* Release */,
			);
			defaultConfigurationIsVisible = 0;
			defaultConfigurationName = Release;
		};
		B76290262BA7E92700A0FB60 /* Build configuration list for PBXNativeTarget "spark2UITests" */ = {
			isa = XCConfigurationList;
			buildConfigurations = (
				B76290272BA7E92700A0FB60 /* Debug */,
				B76290282BA7E92700A0FB60 /* Release */,
			);
			defaultConfigurationIsVisible = 0;
			defaultConfigurationName = Release;
		};
/* End XCConfigurationList section */
	};
	rootObject = B7628FF42BA7E92400A0FB60 /* Project object */;
}
