// !$*UTF8*$!
{
	archiveVersion = 1;
	classes = {
	};
	objectVersion = 56;
	objects = {

/* Begin PBXBuildFile section */
		B70F6BF92BBCE09C0048424B /* snapavatar3.swift in Sources */ = {isa = PBXBuildFile; fileRef = B70F6BF82BBCE09C0048424B /* snapavatar3.swift */; };
		B72498C32BAFBF5F0088B364 /* bubbleicon.swift in Sources */ = {isa = PBXBuildFile; fileRef = B72498C22BAFBF5E0088B364 /* bubbleicon.swift */; };
		B72498C52BAFC9500088B364 /* snapavatar1.swift in Sources */ = {isa = PBXBuildFile; fileRef = B72498C42BAFC9500088B364 /* snapavatar1.swift */; };
		B72498C72BAFC95C0088B364 /* snapavatar2.swift in Sources */ = {isa = PBXBuildFile; fileRef = B72498C62BAFC95C0088B364 /* snapavatar2.swift */; };
		B72498C92BB003CD0088B364 /* addfrpopup.swift in Sources */ = {isa = PBXBuildFile; fileRef = B72498C82BB003CC0088B364 /* addfrpopup.swift */; };
		B758F22A2BC65E0200C21329 /* updatedFrReq.swift in Sources */ = {isa = PBXBuildFile; fileRef = B758F2292BC65E0100C21329 /* updatedFrReq.swift */; };
		B759E09F2BC393D300D61B89 /* addevents2.swift in Sources */ = {isa = PBXBuildFile; fileRef = B759E09E2BC393D300D61B89 /* addevents2.swift */; };
		B759E0A12BC4D3A500D61B89 /* locationquestion2.swift in Sources */ = {isa = PBXBuildFile; fileRef = B759E0A02BC4D3A300D61B89 /* locationquestion2.swift */; };
		B76290002BA7E92400A0FB60 /* spark2App.swift in Sources */ = {isa = PBXBuildFile; fileRef = B7628FFF2BA7E92400A0FB60 /* spark2App.swift */; };
		B76290022BA7E92400A0FB60 /* ContentView.swift in Sources */ = {isa = PBXBuildFile; fileRef = B76290012BA7E92400A0FB60 /* ContentView.swift */; };
		B76290042BA7E92600A0FB60 /* Assets.xcassets in Resources */ = {isa = PBXBuildFile; fileRef = B76290032BA7E92600A0FB60 /* Assets.xcassets */; };
		B76290072BA7E92600A0FB60 /* Preview Assets.xcassets in Resources */ = {isa = PBXBuildFile; fileRef = B76290062BA7E92600A0FB60 /* Preview Assets.xcassets */; };
		B76290112BA7E92600A0FB60 /* spark2Tests.swift in Sources */ = {isa = PBXBuildFile; fileRef = B76290102BA7E92600A0FB60 /* spark2Tests.swift */; };
		B762901B2BA7E92700A0FB60 /* spark2UITests.swift in Sources */ = {isa = PBXBuildFile; fileRef = B762901A2BA7E92700A0FB60 /* spark2UITests.swift */; };
		B762901D2BA7E92700A0FB60 /* spark2UITestsLaunchTests.swift in Sources */ = {isa = PBXBuildFile; fileRef = B762901C2BA7E92700A0FB60 /* spark2UITestsLaunchTests.swift */; };
		B762902C2BA80A2000A0FB60 /* landingpage.swift in Sources */ = {isa = PBXBuildFile; fileRef = B762902B2BA80A2000A0FB60 /* landingpage.swift */; };
		B762902E2BA80A6700A0FB60 /* mainpage.swift in Sources */ = {isa = PBXBuildFile; fileRef = B762902D2BA80A6700A0FB60 /* mainpage.swift */; };
		B76290302BA80A8A00A0FB60 /* signuppage.swift in Sources */ = {isa = PBXBuildFile; fileRef = B762902F2BA80A8A00A0FB60 /* signuppage.swift */; };
		B76290322BA80A9500A0FB60 /* login.swift in Sources */ = {isa = PBXBuildFile; fileRef = B76290312BA80A9500A0FB60 /* login.swift */; };
		B76290342BA80AE000A0FB60 /* locationquestion.swift in Sources */ = {isa = PBXBuildFile; fileRef = B76290332BA80AE000A0FB60 /* locationquestion.swift */; };
		B76290362BA80AF600A0FB60 /* initfriends.swift in Sources */ = {isa = PBXBuildFile; fileRef = B76290352BA80AF600A0FB60 /* initfriends.swift */; };
		B76290382BA80B0B00A0FB60 /* addevents.swift in Sources */ = {isa = PBXBuildFile; fileRef = B76290372BA80B0B00A0FB60 /* addevents.swift */; };
		B762903A2BA80B3600A0FB60 /* EventDateTimeViewModel.swift in Sources */ = {isa = PBXBuildFile; fileRef = B76290392BA80B3600A0FB60 /* EventDateTimeViewModel.swift */; };
		B762903C2BA80B4100A0FB60 /* settime.swift in Sources */ = {isa = PBXBuildFile; fileRef = B762903B2BA80B4100A0FB60 /* settime.swift */; };
		B76290402BA80B7200A0FB60 /* addfriends.swift in Sources */ = {isa = PBXBuildFile; fileRef = B762903F2BA80B7200A0FB60 /* addfriends.swift */; };
		B76290422BA80BBE00A0FB60 /* addfriendp2.swift in Sources */ = {isa = PBXBuildFile; fileRef = B76290412BA80BBE00A0FB60 /* addfriendp2.swift */; };
		B76290442BA80BD600A0FB60 /* clickevent.swift in Sources */ = {isa = PBXBuildFile; fileRef = B76290432BA80BD600A0FB60 /* clickevent.swift */; };
		B76290462BA80C4600A0FB60 /* whenlocationoff.swift in Sources */ = {isa = PBXBuildFile; fileRef = B76290452BA80C4600A0FB60 /* whenlocationoff.swift */; };
		B76290482BA80C5C00A0FB60 /* friendrequest.swift in Sources */ = {isa = PBXBuildFile; fileRef = B76290472BA80C5C00A0FB60 /* friendrequest.swift */; };
/* End PBXBuildFile section */

/* Begin PBXContainerItemProxy section */
		B762900D2BA7E92600A0FB60 /* PBXContainerItemProxy */ = {
			isa = PBXContainerItemProxy;
			containerPortal = B7628FF42BA7E92400A0FB60 /* Project object */;
			proxyType = 1;
			remoteGlobalIDString = B7628FFB2BA7E92400A0FB60;
			remoteInfo = spark2;
		};
		B76290172BA7E92700A0FB60 /* PBXContainerItemProxy */ = {
			isa = PBXContainerItemProxy;
			containerPortal = B7628FF42BA7E92400A0FB60 /* Project object */;
			proxyType = 1;
			remoteGlobalIDString = B7628FFB2BA7E92400A0FB60;
			remoteInfo = spark2;
		};
/* End PBXContainerItemProxy section */

/* Begin PBXFileReference section */
		B70F6BF82BBCE09C0048424B /* snapavatar3.swift */ = {isa = PBXFileReference; lastKnownFileType = sourcecode.swift; path = snapavatar3.swift; sourceTree = "<group>"; };
		B72498C22BAFBF5E0088B364 /* bubbleicon.swift */ = {isa = PBXFileReference; lastKnownFileType = sourcecode.swift; path = bubbleicon.swift; sourceTree = "<group>"; };
		B72498C42BAFC9500088B364 /* snapavatar1.swift */ = {isa = PBXFileReference; lastKnownFileType = sourcecode.swift; path = snapavatar1.swift; sourceTree = "<group>"; };
		B72498C62BAFC95C0088B364 /* snapavatar2.swift */ = {isa = PBXFileReference; lastKnownFileType = sourcecode.swift; path = snapavatar2.swift; sourceTree = "<group>"; };
		B72498C82BB003CC0088B364 /* addfrpopup.swift */ = {isa = PBXFileReference; lastKnownFileType = sourcecode.swift; path = addfrpopup.swift; sourceTree = "<group>"; };
		B758F2292BC65E0100C21329 /* updatedFrReq.swift */ = {isa = PBXFileReference; lastKnownFileType = sourcecode.swift; path = updatedFrReq.swift; sourceTree = "<group>"; };
		B759E09E2BC393D300D61B89 /* addevents2.swift */ = {isa = PBXFileReference; lastKnownFileType = sourcecode.swift; path = addevents2.swift; sourceTree = "<group>"; };
		B759E0A02BC4D3A300D61B89 /* locationquestion2.swift */ = {isa = PBXFileReference; lastKnownFileType = sourcecode.swift; path = locationquestion2.swift; sourceTree = "<group>"; };
		B7628FFC2BA7E92400A0FB60 /* spark2.app */ = {isa = PBXFileReference; explicitFileType = wrapper.application; includeInIndex = 0; path = spark2.app; sourceTree = BUILT_PRODUCTS_DIR; };
		B7628FFF2BA7E92400A0FB60 /* spark2App.swift */ = {isa = PBXFileReference; lastKnownFileType = sourcecode.swift; path = spark2App.swift; sourceTree = "<group>"; };
		B76290012BA7E92400A0FB60 /* ContentView.swift */ = {isa = PBXFileReference; lastKnownFileType = sourcecode.swift; path = ContentView.swift; sourceTree = "<group>"; };
		B76290032BA7E92600A0FB60 /* Assets.xcassets */ = {isa = PBXFileReference; lastKnownFileType = folder.assetcatalog; path = Assets.xcassets; sourceTree = "<group>"; };
		B76290062BA7E92600A0FB60 /* Preview Assets.xcassets */ = {isa = PBXFileReference; lastKnownFileType = folder.assetcatalog; path = "Preview Assets.xcassets"; sourceTree = "<group>"; };
		B762900C2BA7E92600A0FB60 /* spark2Tests.xctest */ = {isa = PBXFileReference; explicitFileType = wrapper.cfbundle; includeInIndex = 0; path = spark2Tests.xctest; sourceTree = BUILT_PRODUCTS_DIR; };
		B76290102BA7E92600A0FB60 /* spark2Tests.swift */ = {isa = PBXFileReference; lastKnownFileType = sourcecode.swift; path = spark2Tests.swift; sourceTree = "<group>"; };
		B76290162BA7E92700A0FB60 /* spark2UITests.xctest */ = {isa = PBXFileReference; explicitFileType = wrapper.cfbundle; includeInIndex = 0; path = spark2UITests.xctest; sourceTree = BUILT_PRODUCTS_DIR; };
		B762901A2BA7E92700A0FB60 /* spark2UITests.swift */ = {isa = PBXFileReference; lastKnownFileType = sourcecode.swift; path = spark2UITests.swift; sourceTree = "<group>"; };
		B762901C2BA7E92700A0FB60 /* spark2UITestsLaunchTests.swift */ = {isa = PBXFileReference; lastKnownFileType = sourcecode.swift; path = spark2UITestsLaunchTests.swift; sourceTree = "<group>"; };
		B762902B2BA80A2000A0FB60 /* landingpage.swift */ = {isa = PBXFileReference; lastKnownFileType = sourcecode.swift; path = landingpage.swift; sourceTree = "<group>"; };
		B762902D2BA80A6700A0FB60 /* mainpage.swift */ = {isa = PBXFileReference; lastKnownFileType = sourcecode.swift; path = mainpage.swift; sourceTree = "<group>"; };
		B762902F2BA80A8A00A0FB60 /* signuppage.swift */ = {isa = PBXFileReference; lastKnownFileType = sourcecode.swift; path = signuppage.swift; sourceTree = "<group>"; };
		B76290312BA80A9500A0FB60 /* login.swift */ = {isa = PBXFileReference; lastKnownFileType = sourcecode.swift; path = login.swift; sourceTree = "<group>"; };
		B76290332BA80AE000A0FB60 /* locationquestion.swift */ = {isa = PBXFileReference; lastKnownFileType = sourcecode.swift; path = locationquestion.swift; sourceTree = "<group>"; };
		B76290352BA80AF600A0FB60 /* initfriends.swift */ = {isa = PBXFileReference; lastKnownFileType = sourcecode.swift; path = initfriends.swift; sourceTree = "<group>"; };
		B76290372BA80B0B00A0FB60 /* addevents.swift */ = {isa = PBXFileReference; lastKnownFileType = sourcecode.swift; path = addevents.swift; sourceTree = "<group>"; };
		B76290392BA80B3600A0FB60 /* EventDateTimeViewModel.swift */ = {isa = PBXFileReference; lastKnownFileType = sourcecode.swift; path = EventDateTimeViewModel.swift; sourceTree = "<group>"; };
		B762903B2BA80B4100A0FB60 /* settime.swift */ = {isa = PBXFileReference; lastKnownFileType = sourcecode.swift; path = settime.swift; sourceTree = "<group>"; };
		B762903F2BA80B7200A0FB60 /* addfriends.swift */ = {isa = PBXFileReference; lastKnownFileType = sourcecode.swift; path = addfriends.swift; sourceTree = "<group>"; };
		B76290412BA80BBE00A0FB60 /* addfriendp2.swift */ = {isa = PBXFileReference; lastKnownFileType = sourcecode.swift; path = addfriendp2.swift; sourceTree = "<group>"; };
		B76290432BA80BD600A0FB60 /* clickevent.swift */ = {isa = PBXFileReference; lastKnownFileType = sourcecode.swift; path = clickevent.swift; sourceTree = "<group>"; };
		B76290452BA80C4600A0FB60 /* whenlocationoff.swift */ = {isa = PBXFileReference; lastKnownFileType = sourcecode.swift; path = whenlocationoff.swift; sourceTree = "<group>"; };
		B76290472BA80C5C00A0FB60 /* friendrequest.swift */ = {isa = PBXFileReference; lastKnownFileType = sourcecode.swift; path = friendrequest.swift; sourceTree = "<group>"; };
/* End PBXFileReference section */

/* Begin PBXFrameworksBuildPhase section */
		B7628FF92BA7E92400A0FB60 /* Frameworks */ = {
			isa = PBXFrameworksBuildPhase;
			buildActionMask = 2147483647;
			files = (
			);
			runOnlyForDeploymentPostprocessing = 0;
		};
		B76290092BA7E92600A0FB60 /* Frameworks */ = {
			isa = PBXFrameworksBuildPhase;
			buildActionMask = 2147483647;
			files = (
			);
			runOnlyForDeploymentPostprocessing = 0;
		};
		B76290132BA7E92700A0FB60 /* Frameworks */ = {
			isa = PBXFrameworksBuildPhase;
			buildActionMask = 2147483647;
			files = (
			);
			runOnlyForDeploymentPostprocessing = 0;
		};
/* End PBXFrameworksBuildPhase section */

/* Begin PBXGroup section */
		B7628FF32BA7E92400A0FB60 = {
			isa = PBXGroup;
			children = (
				B7628FFE2BA7E92400A0FB60 /* spark2 */,
				B762900F2BA7E92600A0FB60 /* spark2Tests */,
				B76290192BA7E92700A0FB60 /* spark2UITests */,
				B7628FFD2BA7E92400A0FB60 /* Products */,
			);
			sourceTree = "<group>";
		};
		B7628FFD2BA7E92400A0FB60 /* Products */ = {
			isa = PBXGroup;
			children = (
				B7628FFC2BA7E92400A0FB60 /* spark2.app */,
				B762900C2BA7E92600A0FB60 /* spark2Tests.xctest */,
				B76290162BA7E92700A0FB60 /* spark2UITests.xctest */,
			);
			name = Products;
			sourceTree = "<group>";
		};
		B7628FFE2BA7E92400A0FB60 /* spark2 */ = {
			isa = PBXGroup;
			children = (
				B7628FFF2BA7E92400A0FB60 /* spark2App.swift */,
				B76290012BA7E92400A0FB60 /* ContentView.swift */,
				B762902B2BA80A2000A0FB60 /* landingpage.swift */,
				B762902D2BA80A6700A0FB60 /* mainpage.swift */,
				B762902F2BA80A8A00A0FB60 /* signuppage.swift */,
				B76290312BA80A9500A0FB60 /* login.swift */,
				B76290332BA80AE000A0FB60 /* locationquestion.swift */,
				B759E0A02BC4D3A300D61B89 /* locationquestion2.swift */,
				B76290352BA80AF600A0FB60 /* initfriends.swift */,
				B76290372BA80B0B00A0FB60 /* addevents.swift */,
				B759E09E2BC393D300D61B89 /* addevents2.swift */,
				B76290392BA80B3600A0FB60 /* EventDateTimeViewModel.swift */,
				B762903B2BA80B4100A0FB60 /* settime.swift */,
				B72498C82BB003CC0088B364 /* addfrpopup.swift */,
				B762903F2BA80B7200A0FB60 /* addfriends.swift */,
				B76290412BA80BBE00A0FB60 /* addfriendp2.swift */,
				B76290432BA80BD600A0FB60 /* clickevent.swift */,
				B76290452BA80C4600A0FB60 /* whenlocationoff.swift */,
				B76290472BA80C5C00A0FB60 /* friendrequest.swift */,
				B758F2292BC65E0100C21329 /* updatedFrReq.swift */,
				B72498C22BAFBF5E0088B364 /* bubbleicon.swift */,
				B72498C42BAFC9500088B364 /* snapavatar1.swift */,
				B70F6BF82BBCE09C0048424B /* snapavatar3.swift */,
				B72498C62BAFC95C0088B364 /* snapavatar2.swift */,
				B76290032BA7E92600A0FB60 /* Assets.xcassets */,
				B76290052BA7E92600A0FB60 /* Preview Content */,
			);
			path = spark2;
			sourceTree = "<group>";
		};
		B76290052BA7E92600A0FB60 /* Preview Content */ = {
			isa = PBXGroup;
			children = (
				B76290062BA7E92600A0FB60 /* Preview Assets.xcassets */,
			);
			path = "Preview Content";
			sourceTree = "<group>";
		};
		B762900F2BA7E92600A0FB60 /* spark2Tests */ = {
			isa = PBXGroup;
			children = (
				B76290102BA7E92600A0FB60 /* spark2Tests.swift */,
			);
			path = spark2Tests;
			sourceTree = "<group>";
		};
		B76290192BA7E92700A0FB60 /* spark2UITests */ = {
			isa = PBXGroup;
			children = (
				B762901A2BA7E92700A0FB60 /* spark2UITests.swift */,
				B762901C2BA7E92700A0FB60 /* spark2UITestsLaunchTests.swift */,
			);
			path = spark2UITests;
			sourceTree = "<group>";
		};
/* End PBXGroup section */

/* Begin PBXNativeTarget section */
		B7628FFB2BA7E92400A0FB60 /* spark2 */ = {
			isa = PBXNativeTarget;
			buildConfigurationList = B76290202BA7E92700A0FB60 /* Build configuration list for PBXNativeTarget "spark2" */;
			buildPhases = (
				B7628FF82BA7E92400A0FB60 /* Sources */,
				B7628FF92BA7E92400A0FB60 /* Frameworks */,
				B7628FFA2BA7E92400A0FB60 /* Resources */,
			);
			buildRules = (
			);
			dependencies = (
			);
			name = spark2;
			productName = spark2;
			productReference = B7628FFC2BA7E92400A0FB60 /* spark2.app */;
			productType = "com.apple.product-type.application";
		};
		B762900B2BA7E92600A0FB60 /* spark2Tests */ = {
			isa = PBXNativeTarget;
			buildConfigurationList = B76290232BA7E92700A0FB60 /* Build configuration list for PBXNativeTarget "spark2Tests" */;
			buildPhases = (
				B76290082BA7E92600A0FB60 /* Sources */,
				B76290092BA7E92600A0FB60 /* Frameworks */,
				B762900A2BA7E92600A0FB60 /* Resources */,
			);
			buildRules = (
			);
			dependencies = (
				B762900E2BA7E92600A0FB60 /* PBXTargetDependency */,
			);
			name = spark2Tests;
			productName = spark2Tests;
			productReference = B762900C2BA7E92600A0FB60 /* spark2Tests.xctest */;
			productType = "com.apple.product-type.bundle.unit-test";
		};
		B76290152BA7E92700A0FB60 /* spark2UITests */ = {
			isa = PBXNativeTarget;
			buildConfigurationList = B76290262BA7E92700A0FB60 /* Build configuration list for PBXNativeTarget "spark2UITests" */;
			buildPhases = (
				B76290122BA7E92700A0FB60 /* Sources */,
				B76290132BA7E92700A0FB60 /* Frameworks */,
				B76290142BA7E92700A0FB60 /* Resources */,
			);
			buildRules = (
			);
			dependencies = (
				B76290182BA7E92700A0FB60 /* PBXTargetDependency */,
			);
			name = spark2UITests;
			productName = spark2UITests;
			productReference = B76290162BA7E92700A0FB60 /* spark2UITests.xctest */;
			productType = "com.apple.product-type.bundle.ui-testing";
		};
/* End PBXNativeTarget section */

/* Begin PBXProject section */
		B7628FF42BA7E92400A0FB60 /* Project object */ = {
			isa = PBXProject;
			attributes = {
				BuildIndependentTargetsInParallel = 1;
				LastSwiftUpdateCheck = 1530;
				LastUpgradeCheck = 1530;
				TargetAttributes = {
					B7628FFB2BA7E92400A0FB60 = {
						CreatedOnToolsVersion = 15.3;
					};
					B762900B2BA7E92600A0FB60 = {
						CreatedOnToolsVersion = 15.3;
						TestTargetID = B7628FFB2BA7E92400A0FB60;
					};
					B76290152BA7E92700A0FB60 = {
						CreatedOnToolsVersion = 15.3;
						TestTargetID = B7628FFB2BA7E92400A0FB60;
					};
				};
			};
			buildConfigurationList = B7628FF72BA7E92400A0FB60 /* Build configuration list for PBXProject "spark2" */;
			compatibilityVersion = "Xcode 14.0";
			developmentRegion = en;
			hasScannedForEncodings = 0;
			knownRegions = (
				en,
				Base,
			);
			mainGroup = B7628FF32BA7E92400A0FB60;
			productRefGroup = B7628FFD2BA7E92400A0FB60 /* Products */;
			projectDirPath = "";
			projectRoot = "";
			targets = (
				B7628FFB2BA7E92400A0FB60 /* spark2 */,
				B762900B2BA7E92600A0FB60 /* spark2Tests */,
				B76290152BA7E92700A0FB60 /* spark2UITests */,
			);
		};
/* End PBXProject section */

/* Begin PBXResourcesBuildPhase section */
		B7628FFA2BA7E92400A0FB60 /* Resources */ = {
			isa = PBXResourcesBuildPhase;
			buildActionMask = 2147483647;
			files = (
				B76290072BA7E92600A0FB60 /* Preview Assets.xcassets in Resources */,
				B76290042BA7E92600A0FB60 /* Assets.xcassets in Resources */,
			);
			runOnlyForDeploymentPostprocessing = 0;
		};
		B762900A2BA7E92600A0FB60 /* Resources */ = {
			isa = PBXResourcesBuildPhase;
			buildActionMask = 2147483647;
			files = (
			);
			runOnlyForDeploymentPostprocessing = 0;
		};
		B76290142BA7E92700A0FB60 /* Resources */ = {
			isa = PBXResourcesBuildPhase;
			buildActionMask = 2147483647;
			files = (
			);
			runOnlyForDeploymentPostprocessing = 0;
		};
/* End PBXResourcesBuildPhase section */

/* Begin PBXSourcesBuildPhase section */
		B7628FF82BA7E92400A0FB60 /* Sources */ = {
			isa = PBXSourcesBuildPhase;
			buildActionMask = 2147483647;
			files = (
				B72498C92BB003CD0088B364 /* addfrpopup.swift in Sources */,
				B762903A2BA80B3600A0FB60 /* EventDateTimeViewModel.swift in Sources */,
				B76290422BA80BBE00A0FB60 /* addfriendp2.swift in Sources */,
				B759E09F2BC393D300D61B89 /* addevents2.swift in Sources */,
				B72498C72BAFC95C0088B364 /* snapavatar2.swift in Sources */,
				B76290022BA7E92400A0FB60 /* ContentView.swift in Sources */,
				B76290442BA80BD600A0FB60 /* clickevent.swift in Sources */,
				B759E0A12BC4D3A500D61B89 /* locationquestion2.swift in Sources */,
				B76290322BA80A9500A0FB60 /* login.swift in Sources */,
				B762903C2BA80B4100A0FB60 /* settime.swift in Sources */,
				B76290002BA7E92400A0FB60 /* spark2App.swift in Sources */,
				B70F6BF92BBCE09C0048424B /* snapavatar3.swift in Sources */,
				B758F22A2BC65E0200C21329 /* updatedFrReq.swift in Sources */,
				B76290362BA80AF600A0FB60 /* initfriends.swift in Sources */,
				B762902C2BA80A2000A0FB60 /* landingpage.swift in Sources */,
				B76290302BA80A8A00A0FB60 /* signuppage.swift in Sources */,
				B762902E2BA80A6700A0FB60 /* mainpage.swift in Sources */,
				B72498C52BAFC9500088B364 /* snapavatar1.swift in Sources */,
				B76290342BA80AE000A0FB60 /* locationquestion.swift in Sources */,
				B76290382BA80B0B00A0FB60 /* addevents.swift in Sources */,
				B76290462BA80C4600A0FB60 /* whenlocationoff.swift in Sources */,
				B76290402BA80B7200A0FB60 /* addfriends.swift in Sources */,
				B72498C32BAFBF5F0088B364 /* bubbleicon.swift in Sources */,
				B76290482BA80C5C00A0FB60 /* friendrequest.swift in Sources */,
			);
			runOnlyForDeploymentPostprocessing = 0;
		};
		B76290082BA7E92600A0FB60 /* Sources */ = {
			isa = PBXSourcesBuildPhase;
			buildActionMask = 2147483647;
			files = (
				B76290112BA7E92600A0FB60 /* spark2Tests.swift in Sources */,
			);
			runOnlyForDeploymentPostprocessing = 0;
		};
		B76290122BA7E92700A0FB60 /* Sources */ = {
			isa = PBXSourcesBuildPhase;
			buildActionMask = 2147483647;
			files = (
				B762901B2BA7E92700A0FB60 /* spark2UITests.swift in Sources */,
				B762901D2BA7E92700A0FB60 /* spark2UITestsLaunchTests.swift in Sources */,
			);
			runOnlyForDeploymentPostprocessing = 0;
		};
/* End PBXSourcesBuildPhase section */

/* Begin PBXTargetDependency section */
		B762900E2BA7E92600A0FB60 /* PBXTargetDependency */ = {
			isa = PBXTargetDependency;
			target = B7628FFB2BA7E92400A0FB60 /* spark2 */;
			targetProxy = B762900D2BA7E92600A0FB60 /* PBXContainerItemProxy */;
		};
		B76290182BA7E92700A0FB60 /* PBXTargetDependency */ = {
			isa = PBXTargetDependency;
			target = B7628FFB2BA7E92400A0FB60 /* spark2 */;
			targetProxy = B76290172BA7E92700A0FB60 /* PBXContainerItemProxy */;
		};
/* End PBXTargetDependency section */

/* Begin XCBuildConfiguration section */
		B762901E2BA7E92700A0FB60 /* Debug */ = {
			isa = XCBuildConfiguration;
			buildSettings = {
				ALWAYS_SEARCH_USER_PATHS = NO;
				ASSETCATALOG_COMPILER_GENERATE_SWIFT_ASSET_SYMBOL_EXTENSIONS = YES;
				CLANG_ANALYZER_NONNULL = YES;
				CLANG_ANALYZER_NUMBER_OBJECT_CONVERSION = YES_AGGRESSIVE;
				CLANG_CXX_LANGUAGE_STANDARD = "gnu++20";
				CLANG_ENABLE_MODULES = YES;
				CLANG_ENABLE_OBJC_ARC = YES;
				CLANG_ENABLE_OBJC_WEAK = YES;
				CLANG_WARN_BLOCK_CAPTURE_AUTORELEASING = YES;
				CLANG_WARN_BOOL_CONVERSION = YES;
				CLANG_WARN_COMMA = YES;
				CLANG_WARN_CONSTANT_CONVERSION = YES;
				CLANG_WARN_DEPRECATED_OBJC_IMPLEMENTATIONS = YES;
				CLANG_WARN_DIRECT_OBJC_ISA_USAGE = YES_ERROR;
				CLANG_WARN_DOCUMENTATION_COMMENTS = YES;
				CLANG_WARN_EMPTY_BODY = YES;
				CLANG_WARN_ENUM_CONVERSION = YES;
				CLANG_WARN_INFINITE_RECURSION = YES;
				CLANG_WARN_INT_CONVERSION = YES;
				CLANG_WARN_NON_LITERAL_NULL_CONVERSION = YES;
				CLANG_WARN_OBJC_IMPLICIT_RETAIN_SELF = YES;
				CLANG_WARN_OBJC_LITERAL_CONVERSION = YES;
				CLANG_WARN_OBJC_ROOT_CLASS = YES_ERROR;
				CLANG_WARN_QUOTED_INCLUDE_IN_FRAMEWORK_HEADER = YES;
				CLANG_WARN_RANGE_LOOP_ANALYSIS = YES;
				CLANG_WARN_STRICT_PROTOTYPES = YES;
				CLANG_WARN_SUSPICIOUS_MOVE = YES;
				CLANG_WARN_UNGUARDED_AVAILABILITY = YES_AGGRESSIVE;
				CLANG_WARN_UNREACHABLE_CODE = YES;
				CLANG_WARN__DUPLICATE_METHOD_MATCH = YES;
				COPY_PHASE_STRIP = NO;
				DEBUG_INFORMATION_FORMAT = dwarf;
				ENABLE_STRICT_OBJC_MSGSEND = YES;
				ENABLE_TESTABILITY = YES;
				ENABLE_USER_SCRIPT_SANDBOXING = YES;
				GCC_C_LANGUAGE_STANDARD = gnu17;
				GCC_DYNAMIC_NO_PIC = NO;
				GCC_NO_COMMON_BLOCKS = YES;
				GCC_OPTIMIZATION_LEVEL = 0;
				GCC_PREPROCESSOR_DEFINITIONS = (
					"DEBUG=1",
					"$(inherited)",
				);
				GCC_WARN_64_TO_32_BIT_CONVERSION = YES;
				GCC_WARN_ABOUT_RETURN_TYPE = YES_ERROR;
				GCC_WARN_UNDECLARED_SELECTOR = YES;
				GCC_WARN_UNINITIALIZED_AUTOS = YES_AGGRESSIVE;
				GCC_WARN_UNUSED_FUNCTION = YES;
				GCC_WARN_UNUSED_VARIABLE = YES;
				IPHONEOS_DEPLOYMENT_TARGET = 17.4;
				LOCALIZATION_PREFERS_STRING_CATALOGS = YES;
				MTL_ENABLE_DEBUG_INFO = INCLUDE_SOURCE;
				MTL_FAST_MATH = YES;
				ONLY_ACTIVE_ARCH = YES;
				SDKROOT = iphoneos;
				SWIFT_ACTIVE_COMPILATION_CONDITIONS = "DEBUG $(inherited)";
				SWIFT_OPTIMIZATION_LEVEL = "-Onone";
			};
			name = Debug;
		};
		B762901F2BA7E92700A0FB60 /* Release */ = {
			isa = XCBuildConfiguration;
			buildSettings = {
				ALWAYS_SEARCH_USER_PATHS = NO;
				ASSETCATALOG_COMPILER_GENERATE_SWIFT_ASSET_SYMBOL_EXTENSIONS = YES;
				CLANG_ANALYZER_NONNULL = YES;
				CLANG_ANALYZER_NUMBER_OBJECT_CONVERSION = YES_AGGRESSIVE;
				CLANG_CXX_LANGUAGE_STANDARD = "gnu++20";
				CLANG_ENABLE_MODULES = YES;
				CLANG_ENABLE_OBJC_ARC = YES;
				CLANG_ENABLE_OBJC_WEAK = YES;
				CLANG_WARN_BLOCK_CAPTURE_AUTORELEASING = YES;
				CLANG_WARN_BOOL_CONVERSION = YES;
				CLANG_WARN_COMMA = YES;
				CLANG_WARN_CONSTANT_CONVERSION = YES;
				CLANG_WARN_DEPRECATED_OBJC_IMPLEMENTATIONS = YES;
				CLANG_WARN_DIRECT_OBJC_ISA_USAGE = YES_ERROR;
				CLANG_WARN_DOCUMENTATION_COMMENTS = YES;
				CLANG_WARN_EMPTY_BODY = YES;
				CLANG_WARN_ENUM_CONVERSION = YES;
				CLANG_WARN_INFINITE_RECURSION = YES;
				CLANG_WARN_INT_CONVERSION = YES;
				CLANG_WARN_NON_LITERAL_NULL_CONVERSION = YES;
				CLANG_WARN_OBJC_IMPLICIT_RETAIN_SELF = YES;
				CLANG_WARN_OBJC_LITERAL_CONVERSION = YES;
				CLANG_WARN_OBJC_ROOT_CLASS = YES_ERROR;
				CLANG_WARN_QUOTED_INCLUDE_IN_FRAMEWORK_HEADER = YES;
				CLANG_WARN_RANGE_LOOP_ANALYSIS = YES;
				CLANG_WARN_STRICT_PROTOTYPES = YES;
				CLANG_WARN_SUSPICIOUS_MOVE = YES;
				CLANG_WARN_UNGUARDED_AVAILABILITY = YES_AGGRESSIVE;
				CLANG_WARN_UNREACHABLE_CODE = YES;
				CLANG_WARN__DUPLICATE_METHOD_MATCH = YES;
				COPY_PHASE_STRIP = NO;
				DEBUG_INFORMATION_FORMAT = "dwarf-with-dsym";
				ENABLE_NS_ASSERTIONS = NO;
				ENABLE_STRICT_OBJC_MSGSEND = YES;
				ENABLE_USER_SCRIPT_SANDBOXING = YES;
				GCC_C_LANGUAGE_STANDARD = gnu17;
				GCC_NO_COMMON_BLOCKS = YES;
				GCC_WARN_64_TO_32_BIT_CONVERSION = YES;
				GCC_WARN_ABOUT_RETURN_TYPE = YES_ERROR;
				GCC_WARN_UNDECLARED_SELECTOR = YES;
				GCC_WARN_UNINITIALIZED_AUTOS = YES_AGGRESSIVE;
				GCC_WARN_UNUSED_FUNCTION = YES;
				GCC_WARN_UNUSED_VARIABLE = YES;
				IPHONEOS_DEPLOYMENT_TARGET = 17.4;
				LOCALIZATION_PREFERS_STRING_CATALOGS = YES;
				MTL_ENABLE_DEBUG_INFO = NO;
				MTL_FAST_MATH = YES;
				SDKROOT = iphoneos;
				SWIFT_COMPILATION_MODE = wholemodule;
				VALIDATE_PRODUCT = YES;
			};
			name = Release;
		};
		B76290212BA7E92700A0FB60 /* Debug */ = {
			isa = XCBuildConfiguration;
			buildSettings = {
				ASSETCATALOG_COMPILER_APPICON_NAME = AppIcon;
				ASSETCATALOG_COMPILER_GLOBAL_ACCENT_COLOR_NAME = AccentColor;
				CODE_SIGN_STYLE = Automatic;
				CURRENT_PROJECT_VERSION = 1;
				DEVELOPMENT_ASSET_PATHS = "\"spark2/Preview Content\"";
				DEVELOPMENT_TEAM = HVC2LA2TCP;
				ENABLE_PREVIEWS = YES;
				GENERATE_INFOPLIST_FILE = YES;
				INFOPLIST_KEY_UIApplicationSceneManifest_Generation = YES;
				INFOPLIST_KEY_UIApplicationSupportsIndirectInputEvents = YES;
				INFOPLIST_KEY_UILaunchScreen_Generation = YES;
				INFOPLIST_KEY_UISupportedInterfaceOrientations_iPad = "UIInterfaceOrientationPortrait UIInterfaceOrientationPortraitUpsideDown UIInterfaceOrientationLandscapeLeft UIInterfaceOrientationLandscapeRight";
				INFOPLIST_KEY_UISupportedInterfaceOrientations_iPhone = "UIInterfaceOrientationPortrait UIInterfaceOrientationLandscapeLeft UIInterfaceOrientationLandscapeRight";
				LD_RUNPATH_SEARCH_PATHS = (
					"$(inherited)",
					"@executable_path/Frameworks",
				);
				MARKETING_VERSION = 1.0;
				PRODUCT_BUNDLE_IDENTIFIER = test1.spark2;
				PRODUCT_NAME = "$(TARGET_NAME)";
				SWIFT_EMIT_LOC_STRINGS = YES;
				SWIFT_VERSION = 5.0;
				TARGETED_DEVICE_FAMILY = "1,2";
			};
			name = Debug;
		};
		B76290222BA7E92700A0FB60 /* Release */ = {
			isa = XCBuildConfiguration;
			buildSettings = {
				ASSETCATALOG_COMPILER_APPICON_NAME = AppIcon;
				ASSETCATALOG_COMPILER_GLOBAL_ACCENT_COLOR_NAME = AccentColor;
				CODE_SIGN_STYLE = Automatic;
				CURRENT_PROJECT_VERSION = 1;
				DEVELOPMENT_ASSET_PATHS = "\"spark2/Preview Content\"";
				DEVELOPMENT_TEAM = HVC2LA2TCP;
				ENABLE_PREVIEWS = YES;
				GENERATE_INFOPLIST_FILE = YES;
				INFOPLIST_KEY_UIApplicationSceneManifest_Generation = YES;
				INFOPLIST_KEY_UIApplicationSupportsIndirectInputEvents = YES;
				INFOPLIST_KEY_UILaunchScreen_Generation = YES;
				INFOPLIST_KEY_UISupportedInterfaceOrientations_iPad = "UIInterfaceOrientationPortrait UIInterfaceOrientationPortraitUpsideDown UIInterfaceOrientationLandscapeLeft UIInterfaceOrientationLandscapeRight";
				INFOPLIST_KEY_UISupportedInterfaceOrientations_iPhone = "UIInterfaceOrientationPortrait UIInterfaceOrientationLandscapeLeft UIInterfaceOrientationLandscapeRight";
				LD_RUNPATH_SEARCH_PATHS = (
					"$(inherited)",
					"@executable_path/Frameworks",
				);
				MARKETING_VERSION = 1.0;
				PRODUCT_BUNDLE_IDENTIFIER = test1.spark2;
				PRODUCT_NAME = "$(TARGET_NAME)";
				SWIFT_EMIT_LOC_STRINGS = YES;
				SWIFT_VERSION = 5.0;
				TARGETED_DEVICE_FAMILY = "1,2";
			};
			name = Release;
		};
		B76290242BA7E92700A0FB60 /* Debug */ = {
			isa = XCBuildConfiguration;
			buildSettings = {
				ALWAYS_EMBED_SWIFT_STANDARD_LIBRARIES = YES;
				BUNDLE_LOADER = "$(TEST_HOST)";
				CODE_SIGN_STYLE = Automatic;
				CURRENT_PROJECT_VERSION = 1;
				GENERATE_INFOPLIST_FILE = YES;
				IPHONEOS_DEPLOYMENT_TARGET = 17.4;
				MARKETING_VERSION = 1.0;
				PRODUCT_BUNDLE_IDENTIFIER = test1.spark2Tests;
				PRODUCT_NAME = "$(TARGET_NAME)";
				SWIFT_EMIT_LOC_STRINGS = NO;
				SWIFT_VERSION = 5.0;
				TARGETED_DEVICE_FAMILY = "1,2";
				TEST_HOST = "$(BUILT_PRODUCTS_DIR)/spark2.app/$(BUNDLE_EXECUTABLE_FOLDER_PATH)/spark2";
			};
			name = Debug;
		};
		B76290252BA7E92700A0FB60 /* Release */ = {
			isa = XCBuildConfiguration;
			buildSettings = {
				ALWAYS_EMBED_SWIFT_STANDARD_LIBRARIES = YES;
				BUNDLE_LOADER = "$(TEST_HOST)";
				CODE_SIGN_STYLE = Automatic;
				CURRENT_PROJECT_VERSION = 1;
				GENERATE_INFOPLIST_FILE = YES;
				IPHONEOS_DEPLOYMENT_TARGET = 17.4;
				MARKETING_VERSION = 1.0;
				PRODUCT_BUNDLE_IDENTIFIER = test1.spark2Tests;
				PRODUCT_NAME = "$(TARGET_NAME)";
				SWIFT_EMIT_LOC_STRINGS = NO;
				SWIFT_VERSION = 5.0;
				TARGETED_DEVICE_FAMILY = "1,2";
				TEST_HOST = "$(BUILT_PRODUCTS_DIR)/spark2.app/$(BUNDLE_EXECUTABLE_FOLDER_PATH)/spark2";
			};
			name = Release;
		};
		B76290272BA7E92700A0FB60 /* Debug */ = {
			isa = XCBuildConfiguration;
			buildSettings = {
				ALWAYS_EMBED_SWIFT_STANDARD_LIBRARIES = YES;
				CODE_SIGN_STYLE = Automatic;
				CURRENT_PROJECT_VERSION = 1;
				GENERATE_INFOPLIST_FILE = YES;
				MARKETING_VERSION = 1.0;
				PRODUCT_BUNDLE_IDENTIFIER = test1.spark2UITests;
				PRODUCT_NAME = "$(TARGET_NAME)";
				SWIFT_EMIT_LOC_STRINGS = NO;
				SWIFT_VERSION = 5.0;
				TARGETED_DEVICE_FAMILY = "1,2";
				TEST_TARGET_NAME = spark2;
			};
			name = Debug;
		};
		B76290282BA7E92700A0FB60 /* Release */ = {
			isa = XCBuildConfiguration;
			buildSettings = {
				ALWAYS_EMBED_SWIFT_STANDARD_LIBRARIES = YES;
				CODE_SIGN_STYLE = Automatic;
				CURRENT_PROJECT_VERSION = 1;
				GENERATE_INFOPLIST_FILE = YES;
				MARKETING_VERSION = 1.0;
				PRODUCT_BUNDLE_IDENTIFIER = test1.spark2UITests;
				PRODUCT_NAME = "$(TARGET_NAME)";
				SWIFT_EMIT_LOC_STRINGS = NO;
				SWIFT_VERSION = 5.0;
				TARGETED_DEVICE_FAMILY = "1,2";
				TEST_TARGET_NAME = spark2;
			};
			name = Release;
		};
/* End XCBuildConfiguration section */

/* Begin XCConfigurationList section */
		B7628FF72BA7E92400A0FB60 /* Build configuration list for PBXProject "spark2" */ = {
			isa = XCConfigurationList;
			buildConfigurations = (
				B762901E2BA7E92700A0FB60 /* Debug */,
				B762901F2BA7E92700A0FB60 /* Release */,
			);
			defaultConfigurationIsVisible = 0;
			defaultConfigurationName = Release;
		};
		B76290202BA7E92700A0FB60 /* Build configuration list for PBXNativeTarget "spark2" */ = {
			isa = XCConfigurationList;
			buildConfigurations = (
				B76290212BA7E92700A0FB60 /* Debug */,
				B76290222BA7E92700A0FB60 /* Release */,
			);
			defaultConfigurationIsVisible = 0;
			defaultConfigurationName = Release;
		};
		B76290232BA7E92700A0FB60 /* Build configuration list for PBXNativeTarget "spark2Tests" */ = {
			isa = XCConfigurationList;
			buildConfigurations = (
				B76290242BA7E92700A0FB60 /* Debug */,
				B76290252BA7E92700A0FB60 /* Release */,
			);
			defaultConfigurationIsVisible = 0;
			defaultConfigurationName = Release;
		};
		B76290262BA7E92700A0FB60 /* Build configuration list for PBXNativeTarget "spark2UITests" */ = {
			isa = XCConfigurationList;
			buildConfigurations = (
				B76290272BA7E92700A0FB60 /* Debug */,
				B76290282BA7E92700A0FB60 /* Release */,
			);
			defaultConfigurationIsVisible = 0;
			defaultConfigurationName = Release;
		};
/* End XCConfigurationList section */
	};
	rootObject = B7628FF42BA7E92400A0FB60 /* Project object */;
}
